// !$*UTF8*$!
{
	archiveVersion = 1;
	classes = {
	};
	objectVersion = 55;
	objects = {

/* Begin PBXBuildFile section */
		011309BE2887DB2500A13309 /* UyeCevap.swift in Sources */ = {isa = PBXBuildFile; fileRef = 011309BD2887DB2500A13309 /* UyeCevap.swift */; };
		011309C02887DB4A00A13309 /* Uyeler.swift in Sources */ = {isa = PBXBuildFile; fileRef = 011309BF2887DB4A00A13309 /* Uyeler.swift */; };
		011309C32887F0DF00A13309 /* userBilgileri.swift in Sources */ = {isa = PBXBuildFile; fileRef = 011309C22887F0DF00A13309 /* userBilgileri.swift */; };
		01315FDE287B333A00BF5D65 /* AppDelegate.swift in Sources */ = {isa = PBXBuildFile; fileRef = 01315FDD287B333A00BF5D65 /* AppDelegate.swift */; };
		01315FE0287B333A00BF5D65 /* SceneDelegate.swift in Sources */ = {isa = PBXBuildFile; fileRef = 01315FDF287B333A00BF5D65 /* SceneDelegate.swift */; };
		01315FE2287B333A00BF5D65 /* ViewController.swift in Sources */ = {isa = PBXBuildFile; fileRef = 01315FE1287B333A00BF5D65 /* ViewController.swift */; };
		01315FE5287B333A00BF5D65 /* Main.storyboard in Resources */ = {isa = PBXBuildFile; fileRef = 01315FE3287B333A00BF5D65 /* Main.storyboard */; };
		01315FE7287B333D00BF5D65 /* Assets.xcassets in Resources */ = {isa = PBXBuildFile; fileRef = 01315FE6287B333D00BF5D65 /* Assets.xcassets */; };
		01315FEA287B333D00BF5D65 /* LaunchScreen.storyboard in Resources */ = {isa = PBXBuildFile; fileRef = 01315FE8287B333D00BF5D65 /* LaunchScreen.storyboard */; };
		01A7CDDB287B691900C944A1 /* GenelBakisViewController.swift in Sources */ = {isa = PBXBuildFile; fileRef = 01A7CDDA287B691900C944A1 /* GenelBakisViewController.swift */; };
		01A7CDDD287B722B00C944A1 /* ProfilViewController.swift in Sources */ = {isa = PBXBuildFile; fileRef = 01A7CDDC287B722B00C944A1 /* ProfilViewController.swift */; };
		0C6D2E899DBA153837B8C685 /* Pods_KuvaApp.framework in Frameworks */ = {isa = PBXBuildFile; fileRef = C7B404793572FECCBC4A2F1D /* Pods_KuvaApp.framework */; };
/* End PBXBuildFile section */

/* Begin PBXFileReference section */
		011309BD2887DB2500A13309 /* UyeCevap.swift */ = {isa = PBXFileReference; lastKnownFileType = sourcecode.swift; path = UyeCevap.swift; sourceTree = "<group>"; };
		011309BF2887DB4A00A13309 /* Uyeler.swift */ = {isa = PBXFileReference; lastKnownFileType = sourcecode.swift; path = Uyeler.swift; sourceTree = "<group>"; };
		011309C22887F0DF00A13309 /* userBilgileri.swift */ = {isa = PBXFileReference; lastKnownFileType = sourcecode.swift; path = userBilgileri.swift; sourceTree = "<group>"; };
		01315FDA287B333A00BF5D65 /* KuvaApp.app */ = {isa = PBXFileReference; explicitFileType = wrapper.application; includeInIndex = 0; path = KuvaApp.app; sourceTree = BUILT_PRODUCTS_DIR; };
		01315FDD287B333A00BF5D65 /* AppDelegate.swift */ = {isa = PBXFileReference; lastKnownFileType = sourcecode.swift; path = AppDelegate.swift; sourceTree = "<group>"; };
		01315FDF287B333A00BF5D65 /* SceneDelegate.swift */ = {isa = PBXFileReference; lastKnownFileType = sourcecode.swift; path = SceneDelegate.swift; sourceTree = "<group>"; };
		01315FE1287B333A00BF5D65 /* ViewController.swift */ = {isa = PBXFileReference; lastKnownFileType = sourcecode.swift; path = ViewController.swift; sourceTree = "<group>"; };
		01315FE4287B333A00BF5D65 /* Base */ = {isa = PBXFileReference; lastKnownFileType = file.storyboard; name = Base; path = Base.lproj/Main.storyboard; sourceTree = "<group>"; };
		01315FE6287B333D00BF5D65 /* Assets.xcassets */ = {isa = PBXFileReference; lastKnownFileType = folder.assetcatalog; path = Assets.xcassets; sourceTree = "<group>"; };
		01315FE9287B333D00BF5D65 /* Base */ = {isa = PBXFileReference; lastKnownFileType = file.storyboard; name = Base; path = Base.lproj/LaunchScreen.storyboard; sourceTree = "<group>"; };
		01315FEB287B333D00BF5D65 /* Info.plist */ = {isa = PBXFileReference; lastKnownFileType = text.plist.xml; path = Info.plist; sourceTree = "<group>"; };
		01A7CDDA287B691900C944A1 /* GenelBakisViewController.swift */ = {isa = PBXFileReference; lastKnownFileType = sourcecode.swift; path = GenelBakisViewController.swift; sourceTree = "<group>"; };
		01A7CDDC287B722B00C944A1 /* ProfilViewController.swift */ = {isa = PBXFileReference; lastKnownFileType = sourcecode.swift; path = ProfilViewController.swift; sourceTree = "<group>"; };
		C7B404793572FECCBC4A2F1D /* Pods_KuvaApp.framework */ = {isa = PBXFileReference; explicitFileType = wrapper.framework; includeInIndex = 0; path = Pods_KuvaApp.framework; sourceTree = BUILT_PRODUCTS_DIR; };
		C9A37421F1E0C25EEF760FE6 /* Pods-KuvaApp.release.xcconfig */ = {isa = PBXFileReference; includeInIndex = 1; lastKnownFileType = text.xcconfig; name = "Pods-KuvaApp.release.xcconfig"; path = "Target Support Files/Pods-KuvaApp/Pods-KuvaApp.release.xcconfig"; sourceTree = "<group>"; };
		DC87E7C4EC8F64BCE00E44DE /* Pods-KuvaApp.debug.xcconfig */ = {isa = PBXFileReference; includeInIndex = 1; lastKnownFileType = text.xcconfig; name = "Pods-KuvaApp.debug.xcconfig"; path = "Target Support Files/Pods-KuvaApp/Pods-KuvaApp.debug.xcconfig"; sourceTree = "<group>"; };
/* End PBXFileReference section */

/* Begin PBXFrameworksBuildPhase section */
		01315FD7287B333A00BF5D65 /* Frameworks */ = {
			isa = PBXFrameworksBuildPhase;
			buildActionMask = 2147483647;
			files = (
				0C6D2E899DBA153837B8C685 /* Pods_KuvaApp.framework in Frameworks */,
			);
			runOnlyForDeploymentPostprocessing = 0;
		};
/* End PBXFrameworksBuildPhase section */

/* Begin PBXGroup section */
		011309B42887CAF700A13309 /* GenelBakis */ = {
			isa = PBXGroup;
			children = (
				011309BA2887DAD500A13309 /* Modal */,
				011309B72887CB2700A13309 /* Controller */,
				011309B62887CB1900A13309 /* View */,
			);
			path = GenelBakis;
			sourceTree = "<group>";
		};
		011309B62887CB1900A13309 /* View */ = {
			isa = PBXGroup;
			children = (
			);
			path = View;
			sourceTree = "<group>";
		};
		011309B72887CB2700A13309 /* Controller */ = {
			isa = PBXGroup;
			children = (
				01A7CDDA287B691900C944A1 /* GenelBakisViewController.swift */,
			);
			path = Controller;
			sourceTree = "<group>";
		};
		011309B82887CB4600A13309 /* ProfilView */ = {
			isa = PBXGroup;
			children = (
				011309B92887CB4E00A13309 /* Controller */,
			);
			path = ProfilView;
			sourceTree = "<group>";
		};
		011309B92887CB4E00A13309 /* Controller */ = {
			isa = PBXGroup;
			children = (
				01A7CDDC287B722B00C944A1 /* ProfilViewController.swift */,
			);
			path = Controller;
			sourceTree = "<group>";
		};
		011309BA2887DAD500A13309 /* Modal */ = {
			isa = PBXGroup;
			children = (
				011309BD2887DB2500A13309 /* UyeCevap.swift */,
				011309BF2887DB4A00A13309 /* Uyeler.swift */,
			);
			path = Modal;
			sourceTree = "<group>";
		};
		011309C12887ED3300A13309 /* Main */ = {
			isa = PBXGroup;
			children = (
				01315FE1287B333A00BF5D65 /* ViewController.swift */,
				01315FDD287B333A00BF5D65 /* AppDelegate.swift */,
				01315FE8287B333D00BF5D65 /* LaunchScreen.storyboard */,
				01315FDF287B333A00BF5D65 /* SceneDelegate.swift */,
				01315FE6287B333D00BF5D65 /* Assets.xcassets */,
				011309C22887F0DF00A13309 /* userBilgileri.swift */,
			);
			path = Main;
			sourceTree = "<group>";
		};
		01315FD1287B333A00BF5D65 = {
			isa = PBXGroup;
			children = (
				01315FDC287B333A00BF5D65 /* KuvaApp */,
				01315FDB287B333A00BF5D65 /* Products */,
				DABA4B1E746271E304EE501D /* Pods */,
				16D2C17E6C22F8B7546487D1 /* Frameworks */,
			);
			sourceTree = "<group>";
		};
		01315FDB287B333A00BF5D65 /* Products */ = {
			isa = PBXGroup;
			children = (
				01315FDA287B333A00BF5D65 /* KuvaApp.app */,
			);
			name = Products;
			sourceTree = "<group>";
		};
		01315FDC287B333A00BF5D65 /* KuvaApp */ = {
			isa = PBXGroup;
			children = (
				011309C12887ED3300A13309 /* Main */,
				011309B82887CB4600A13309 /* ProfilView */,
				011309B42887CAF700A13309 /* GenelBakis */,
				01315FE3287B333A00BF5D65 /* Main.storyboard */,
				01315FEB287B333D00BF5D65 /* Info.plist */,
			);
			path = KuvaApp;
			sourceTree = "<group>";
		};
		16D2C17E6C22F8B7546487D1 /* Frameworks */ = {
			isa = PBXGroup;
			children = (
				C7B404793572FECCBC4A2F1D /* Pods_KuvaApp.framework */,
			);
			name = Frameworks;
			sourceTree = "<group>";
		};
		DABA4B1E746271E304EE501D /* Pods */ = {
			isa = PBXGroup;
			children = (
				DC87E7C4EC8F64BCE00E44DE /* Pods-KuvaApp.debug.xcconfig */,
				C9A37421F1E0C25EEF760FE6 /* Pods-KuvaApp.release.xcconfig */,
			);
			path = Pods;
			sourceTree = "<group>";
		};
/* End PBXGroup section */

/* Begin PBXNativeTarget section */
		01315FD9287B333A00BF5D65 /* KuvaApp */ = {
			isa = PBXNativeTarget;
			buildConfigurationList = 01315FEE287B333D00BF5D65 /* Build configuration list for PBXNativeTarget "KuvaApp" */;
			buildPhases = (
				17B60EF32CE03EDE2229AAD1 /* [CP] Check Pods Manifest.lock */,
				01315FD6287B333A00BF5D65 /* Sources */,
				01315FD7287B333A00BF5D65 /* Frameworks */,
				01315FD8287B333A00BF5D65 /* Resources */,
				AEAFFD9096A81FEF65BE44D7 /* [CP] Embed Pods Frameworks */,
			);
			buildRules = (
			);
			dependencies = (
			);
			name = KuvaApp;
			productName = KuvaApp;
			productReference = 01315FDA287B333A00BF5D65 /* KuvaApp.app */;
			productType = "com.apple.product-type.application";
		};
/* End PBXNativeTarget section */

/* Begin PBXProject section */
		01315FD2287B333A00BF5D65 /* Project object */ = {
			isa = PBXProject;
			attributes = {
				BuildIndependentTargetsInParallel = 1;
				LastSwiftUpdateCheck = 1330;
				LastUpgradeCheck = 1330;
				TargetAttributes = {
					01315FD9287B333A00BF5D65 = {
						CreatedOnToolsVersion = 13.3.1;
					};
				};
			};
			buildConfigurationList = 01315FD5287B333A00BF5D65 /* Build configuration list for PBXProject "KuvaApp" */;
			compatibilityVersion = "Xcode 13.0";
			developmentRegion = en;
			hasScannedForEncodings = 0;
			knownRegions = (
				en,
				Base,
			);
			mainGroup = 01315FD1287B333A00BF5D65;
			productRefGroup = 01315FDB287B333A00BF5D65 /* Products */;
			projectDirPath = "";
			projectRoot = "";
			targets = (
				01315FD9287B333A00BF5D65 /* KuvaApp */,
			);
		};
/* End PBXProject section */

/* Begin PBXResourcesBuildPhase section */
		01315FD8287B333A00BF5D65 /* Resources */ = {
			isa = PBXResourcesBuildPhase;
			buildActionMask = 2147483647;
			files = (
				01315FEA287B333D00BF5D65 /* LaunchScreen.storyboard in Resources */,
				01315FE7287B333D00BF5D65 /* Assets.xcassets in Resources */,
				01315FE5287B333A00BF5D65 /* Main.storyboard in Resources */,
			);
			runOnlyForDeploymentPostprocessing = 0;
		};
/* End PBXResourcesBuildPhase section */

/* Begin PBXShellScriptBuildPhase section */
		17B60EF32CE03EDE2229AAD1 /* [CP] Check Pods Manifest.lock */ = {
			isa = PBXShellScriptBuildPhase;
			buildActionMask = 2147483647;
			files = (
			);
			inputFileListPaths = (
			);
			inputPaths = (
				"${PODS_PODFILE_DIR_PATH}/Podfile.lock",
				"${PODS_ROOT}/Manifest.lock",
			);
			name = "[CP] Check Pods Manifest.lock";
			outputFileListPaths = (
			);
			outputPaths = (
				"$(DERIVED_FILE_DIR)/Pods-KuvaApp-checkManifestLockResult.txt",
			);
			runOnlyForDeploymentPostprocessing = 0;
			shellPath = /bin/sh;
			shellScript = "diff \"${PODS_PODFILE_DIR_PATH}/Podfile.lock\" \"${PODS_ROOT}/Manifest.lock\" > /dev/null\nif [ $? != 0 ] ; then\n    # print error to STDERR\n    echo \"error: The sandbox is not in sync with the Podfile.lock. Run 'pod install' or update your CocoaPods installation.\" >&2\n    exit 1\nfi\n# This output is used by Xcode 'outputs' to avoid re-running this script phase.\necho \"SUCCESS\" > \"${SCRIPT_OUTPUT_FILE_0}\"\n";
			showEnvVarsInLog = 0;
		};
		AEAFFD9096A81FEF65BE44D7 /* [CP] Embed Pods Frameworks */ = {
			isa = PBXShellScriptBuildPhase;
			buildActionMask = 2147483647;
			files = (
			);
			inputFileListPaths = (
				"${PODS_ROOT}/Target Support Files/Pods-KuvaApp/Pods-KuvaApp-frameworks-${CONFIGURATION}-input-files.xcfilelist",
			);
			name = "[CP] Embed Pods Frameworks";
			outputFileListPaths = (
				"${PODS_ROOT}/Target Support Files/Pods-KuvaApp/Pods-KuvaApp-frameworks-${CONFIGURATION}-output-files.xcfilelist",
			);
			runOnlyForDeploymentPostprocessing = 0;
			shellPath = /bin/sh;
			shellScript = "\"${PODS_ROOT}/Target Support Files/Pods-KuvaApp/Pods-KuvaApp-frameworks.sh\"\n";
			showEnvVarsInLog = 0;
		};
/* End PBXShellScriptBuildPhase section */

/* Begin PBXSourcesBuildPhase section */
		01315FD6287B333A00BF5D65 /* Sources */ = {
			isa = PBXSourcesBuildPhase;
			buildActionMask = 2147483647;
			files = (
				011309C32887F0DF00A13309 /* userBilgileri.swift in Sources */,
				01315FE2287B333A00BF5D65 /* ViewController.swift in Sources */,
				011309C02887DB4A00A13309 /* Uyeler.swift in Sources */,
				01A7CDDD287B722B00C944A1 /* ProfilViewController.swift in Sources */,
				01A7CDDB287B691900C944A1 /* GenelBakisViewController.swift in Sources */,
				011309BE2887DB2500A13309 /* UyeCevap.swift in Sources */,
				01315FDE287B333A00BF5D65 /* AppDelegate.swift in Sources */,
				01315FE0287B333A00BF5D65 /* SceneDelegate.swift in Sources */,
			);
			runOnlyForDeploymentPostprocessing = 0;
		};
/* End PBXSourcesBuildPhase section */

/* Begin PBXVariantGroup section */
		01315FE3287B333A00BF5D65 /* Main.storyboard */ = {
			isa = PBXVariantGroup;
			children = (
				01315FE4287B333A00BF5D65 /* Base */,
			);
			name = Main.storyboard;
			sourceTree = "<group>";
		};
		01315FE8287B333D00BF5D65 /* LaunchScreen.storyboard */ = {
			isa = PBXVariantGroup;
			children = (
				01315FE9287B333D00BF5D65 /* Base */,
			);
			name = LaunchScreen.storyboard;
			sourceTree = "<group>";
		};
/* End PBXVariantGroup section */

/* Begin XCBuildConfiguration section */
		01315FEC287B333D00BF5D65 /* Debug */ = {
			isa = XCBuildConfiguration;
			buildSettings = {
				ALWAYS_SEARCH_USER_PATHS = NO;
				CLANG_ANALYZER_NONNULL = YES;
				CLANG_ANALYZER_NUMBER_OBJECT_CONVERSION = YES_AGGRESSIVE;
				CLANG_CXX_LANGUAGE_STANDARD = "gnu++17";
				CLANG_ENABLE_MODULES = YES;
				CLANG_ENABLE_OBJC_ARC = YES;
				CLANG_ENABLE_OBJC_WEAK = YES;
				CLANG_WARN_BLOCK_CAPTURE_AUTORELEASING = YES;
				CLANG_WARN_BOOL_CONVERSION = YES;
				CLANG_WARN_COMMA = YES;
				CLANG_WARN_CONSTANT_CONVERSION = YES;
				CLANG_WARN_DEPRECATED_OBJC_IMPLEMENTATIONS = YES;
				CLANG_WARN_DIRECT_OBJC_ISA_USAGE = YES_ERROR;
				CLANG_WARN_DOCUMENTATION_COMMENTS = YES;
				CLANG_WARN_EMPTY_BODY = YES;
				CLANG_WARN_ENUM_CONVERSION = YES;
				CLANG_WARN_INFINITE_RECURSION = YES;
				CLANG_WARN_INT_CONVERSION = YES;
				CLANG_WARN_NON_LITERAL_NULL_CONVERSION = YES;
				CLANG_WARN_OBJC_IMPLICIT_RETAIN_SELF = YES;
				CLANG_WARN_OBJC_LITERAL_CONVERSION = YES;
				CLANG_WARN_OBJC_ROOT_CLASS = YES_ERROR;
				CLANG_WARN_QUOTED_INCLUDE_IN_FRAMEWORK_HEADER = YES;
				CLANG_WARN_RANGE_LOOP_ANALYSIS = YES;
				CLANG_WARN_STRICT_PROTOTYPES = YES;
				CLANG_WARN_SUSPICIOUS_MOVE = YES;
				CLANG_WARN_UNGUARDED_AVAILABILITY = YES_AGGRESSIVE;
				CLANG_WARN_UNREACHABLE_CODE = YES;
				CLANG_WARN__DUPLICATE_METHOD_MATCH = YES;
				COPY_PHASE_STRIP = NO;
				DEBUG_INFORMATION_FORMAT = dwarf;
				ENABLE_STRICT_OBJC_MSGSEND = YES;
				ENABLE_TESTABILITY = YES;
				GCC_C_LANGUAGE_STANDARD = gnu11;
				GCC_DYNAMIC_NO_PIC = NO;
				GCC_NO_COMMON_BLOCKS = YES;
				GCC_OPTIMIZATION_LEVEL = 0;
				GCC_PREPROCESSOR_DEFINITIONS = (
					"DEBUG=1",
					"$(inherited)",
				);
				GCC_WARN_64_TO_32_BIT_CONVERSION = YES;
				GCC_WARN_ABOUT_RETURN_TYPE = YES_ERROR;
				GCC_WARN_UNDECLARED_SELECTOR = YES;
				GCC_WARN_UNINITIALIZED_AUTOS = YES_AGGRESSIVE;
				GCC_WARN_UNUSED_FUNCTION = YES;
				GCC_WARN_UNUSED_VARIABLE = YES;
				IPHONEOS_DEPLOYMENT_TARGET = 15.4;
				MTL_ENABLE_DEBUG_INFO = INCLUDE_SOURCE;
				MTL_FAST_MATH = YES;
				ONLY_ACTIVE_ARCH = YES;
				SDKROOT = iphoneos;
				SWIFT_ACTIVE_COMPILATION_CONDITIONS = DEBUG;
				SWIFT_OPTIMIZATION_LEVEL = "-Onone";
			};
			name = Debug;
		};
		01315FED287B333D00BF5D65 /* Release */ = {
			isa = XCBuildConfiguration;
			buildSettings = {
				ALWAYS_SEARCH_USER_PATHS = NO;
				CLANG_ANALYZER_NONNULL = YES;
				CLANG_ANALYZER_NUMBER_OBJECT_CONVERSION = YES_AGGRESSIVE;
				CLANG_CXX_LANGUAGE_STANDARD = "gnu++17";
				CLANG_ENABLE_MODULES = YES;
				CLANG_ENABLE_OBJC_ARC = YES;
				CLANG_ENABLE_OBJC_WEAK = YES;
				CLANG_WARN_BLOCK_CAPTURE_AUTORELEASING = YES;
				CLANG_WARN_BOOL_CONVERSION = YES;
				CLANG_WARN_COMMA = YES;
				CLANG_WARN_CONSTANT_CONVERSION = YES;
				CLANG_WARN_DEPRECATED_OBJC_IMPLEMENTATIONS = YES;
				CLANG_WARN_DIRECT_OBJC_ISA_USAGE = YES_ERROR;
				CLANG_WARN_DOCUMENTATION_COMMENTS = YES;
				CLANG_WARN_EMPTY_BODY = YES;
				CLANG_WARN_ENUM_CONVERSION = YES;
				CLANG_WARN_INFINITE_RECURSION = YES;
				CLANG_WARN_INT_CONVERSION = YES;
				CLANG_WARN_NON_LITERAL_NULL_CONVERSION = YES;
				CLANG_WARN_OBJC_IMPLICIT_RETAIN_SELF = YES;
				CLANG_WARN_OBJC_LITERAL_CONVERSION = YES;
				CLANG_WARN_OBJC_ROOT_CLASS = YES_ERROR;
				CLANG_WARN_QUOTED_INCLUDE_IN_FRAMEWORK_HEADER = YES;
				CLANG_WARN_RANGE_LOOP_ANALYSIS = YES;
				CLANG_WARN_STRICT_PROTOTYPES = YES;
				CLANG_WARN_SUSPICIOUS_MOVE = YES;
				CLANG_WARN_UNGUARDED_AVAILABILITY = YES_AGGRESSIVE;
				CLANG_WARN_UNREACHABLE_CODE = YES;
				CLANG_WARN__DUPLICATE_METHOD_MATCH = YES;
				COPY_PHASE_STRIP = NO;
				DEBUG_INFORMATION_FORMAT = "dwarf-with-dsym";
				ENABLE_NS_ASSERTIONS = NO;
				ENABLE_STRICT_OBJC_MSGSEND = YES;
				GCC_C_LANGUAGE_STANDARD = gnu11;
				GCC_NO_COMMON_BLOCKS = YES;
				GCC_WARN_64_TO_32_BIT_CONVERSION = YES;
				GCC_WARN_ABOUT_RETURN_TYPE = YES_ERROR;
				GCC_WARN_UNDECLARED_SELECTOR = YES;
				GCC_WARN_UNINITIALIZED_AUTOS = YES_AGGRESSIVE;
				GCC_WARN_UNUSED_FUNCTION = YES;
				GCC_WARN_UNUSED_VARIABLE = YES;
				IPHONEOS_DEPLOYMENT_TARGET = 15.4;
				MTL_ENABLE_DEBUG_INFO = NO;
				MTL_FAST_MATH = YES;
				SDKROOT = iphoneos;
				SWIFT_COMPILATION_MODE = wholemodule;
				SWIFT_OPTIMIZATION_LEVEL = "-O";
				VALIDATE_PRODUCT = YES;
			};
			name = Release;
		};
		01315FEF287B333D00BF5D65 /* Debug */ = {
			isa = XCBuildConfiguration;
			baseConfigurationReference = DC87E7C4EC8F64BCE00E44DE /* Pods-KuvaApp.debug.xcconfig */;
			buildSettings = {
				ASSETCATALOG_COMPILER_APPICON_NAME = AppIcon;
				ASSETCATALOG_COMPILER_GLOBAL_ACCENT_COLOR_NAME = AccentColor;
				CODE_SIGN_STYLE = Automatic;
				CURRENT_PROJECT_VERSION = 1;
				DEVELOPMENT_TEAM = D2T6AR24JC;
				GENERATE_INFOPLIST_FILE = YES;
				INFOPLIST_FILE = KuvaApp/Info.plist;
				INFOPLIST_KEY_UIApplicationSupportsIndirectInputEvents = YES;
				INFOPLIST_KEY_UILaunchStoryboardName = LaunchScreen;
				INFOPLIST_KEY_UIMainStoryboardFile = Main;
				INFOPLIST_KEY_UISupportedInterfaceOrientations = UIInterfaceOrientationPortrait;
				INFOPLIST_KEY_UISupportedInterfaceOrientations_iPad = "UIInterfaceOrientationPortrait UIInterfaceOrientationPortraitUpsideDown UIInterfaceOrientationLandscapeLeft UIInterfaceOrientationLandscapeRight";
				INFOPLIST_KEY_UISupportedInterfaceOrientations_iPhone = "UIInterfaceOrientationPortrait UIInterfaceOrientationLandscapeLeft UIInterfaceOrientationLandscapeRight";
				IPHONEOS_DEPLOYMENT_TARGET = 15.0;
				LD_RUNPATH_SEARCH_PATHS = (
					"$(inherited)",
					"@executable_path/Frameworks",
				);
				MARKETING_VERSION = 1.0.0.1;
				PRODUCT_BUNDLE_IDENTIFIER = com.ynsgndz.KuvaApp;
				PRODUCT_NAME = "$(TARGET_NAME)";
				SWIFT_EMIT_LOC_STRINGS = YES;
				SWIFT_VERSION = 5.0;
				TARGETED_DEVICE_FAMILY = 1;
			};
			name = Debug;
		};
		01315FF0287B333D00BF5D65 /* Release */ = {
			isa = XCBuildConfiguration;
			baseConfigurationReference = C9A37421F1E0C25EEF760FE6 /* Pods-KuvaApp.release.xcconfig */;
			buildSettings = {
				ASSETCATALOG_COMPILER_APPICON_NAME = AppIcon;
				ASSETCATALOG_COMPILER_GLOBAL_ACCENT_COLOR_NAME = AccentColor;
				CODE_SIGN_STYLE = Automatic;
				CURRENT_PROJECT_VERSION = 1;
				DEVELOPMENT_TEAM = D2T6AR24JC;
				GENERATE_INFOPLIST_FILE = YES;
				INFOPLIST_FILE = KuvaApp/Info.plist;
				INFOPLIST_KEY_UIApplicationSupportsIndirectInputEvents = YES;
				INFOPLIST_KEY_UILaunchStoryboardName = LaunchScreen;
				INFOPLIST_KEY_UIMainStoryboardFile = Main;
				INFOPLIST_KEY_UISupportedInterfaceOrientations = UIInterfaceOrientationPortrait;
				INFOPLIST_KEY_UISupportedInterfaceOrientations_iPad = "UIInterfaceOrientationPortrait UIInterfaceOrientationPortraitUpsideDown UIInterfaceOrientationLandscapeLeft UIInterfaceOrientationLandscapeRight";
				INFOPLIST_KEY_UISupportedInterfaceOrientations_iPhone = "UIInterfaceOrientationPortrait UIInterfaceOrientationLandscapeLeft UIInterfaceOrientationLandscapeRight";
				IPHONEOS_DEPLOYMENT_TARGET = 15.0;
				LD_RUNPATH_SEARCH_PATHS = (
					"$(inherited)",
					"@executable_path/Frameworks",
				);
				MARKETING_VERSION = 1.0.0.1;
				PRODUCT_BUNDLE_IDENTIFIER = com.ynsgndz.KuvaApp;
				PRODUCT_NAME = "$(TARGET_NAME)";
				SWIFT_EMIT_LOC_STRINGS = YES;
				SWIFT_VERSION = 5.0;
				TARGETED_DEVICE_FAMILY = 1;
			};
			name = Release;
		};
/* End XCBuildConfiguration section */

/* Begin XCConfigurationList section */
		01315FD5287B333A00BF5D65 /* Build configuration list for PBXProject "KuvaApp" */ = {
			isa = XCConfigurationList;
			buildConfigurations = (
				01315FEC287B333D00BF5D65 /* Debug */,
				01315FED287B333D00BF5D65 /* Release */,
			);
			defaultConfigurationIsVisible = 0;
			defaultConfigurationName = Release;
		};
		01315FEE287B333D00BF5D65 /* Build configuration list for PBXNativeTarget "KuvaApp" */ = {
			isa = XCConfigurationList;
			buildConfigurations = (
				01315FEF287B333D00BF5D65 /* Debug */,
				01315FF0287B333D00BF5D65 /* Release */,
			);
			defaultConfigurationIsVisible = 0;
			defaultConfigurationName = Release;
		};
/* End XCConfigurationList section */
	};
	rootObject = 01315FD2287B333A00BF5D65 /* Project object */;
}
